
Microsoft Visual Studio Solution File, Format Version 12.00
# Visual Studio Version 17
VisualStudioVersion = 17.3.32811.315
MinimumVisualStudioVersion = 10.0.40219.1
Project("{9A19103F-16F7-4668-BE54-9A1E7A4F7556}") = "Ejercicios", "Ejercicios\Ejercicios.csproj", "{5328DEA3-ADF5-44AE-BD2B-286FF9292E1F}"
EndProject
Project("{9A19103F-16F7-4668-BE54-9A1E7A4F7556}") = "EjercPowMath", "EjercPowMath\EjercPowMath.csproj", "{AFFFF534-339D-4AEF-9D5B-11EE502974D7}"
EndProject
Project("{9A19103F-16F7-4668-BE54-9A1E7A4F7556}") = "Clase2Progra2908", "Clase2Progra2908\Clase2Progra2908.csproj", "{15310925-8578-4866-B8F4-8799E884090A}"
EndProject
Project("{9A19103F-16F7-4668-BE54-9A1E7A4F7556}") = "ClassLibrary", "ClassLibrary\ClassLibrary.csproj", "{77AC8504-7E3A-4FF2-AA66-C86D9FB4C157}"
EndProject
Project("{9A19103F-16F7-4668-BE54-9A1E7A4F7556}") = "Ejercicio2", "Programa\Ejercicio2.csproj", "{9BFBF401-C56D-47DA-A6AE-2AC7C41D03B0}"
EndProject
Project("{9A19103F-16F7-4668-BE54-9A1E7A4F7556}") = "Sobrecarga", "Sobrecarga\Sobrecarga.csproj", "{BA6C25B8-05E2-40EB-A9CB-455531B94900}"
EndProject
Project("{2150E333-8FDC-42A3-9474-1A3956D46DE8}") = "Directorio de BibliotecaDeClases", "Directorio de BibliotecaDeClases", "{2E5D48DB-BCC4-4ABC-8AE0-26DD244E98CD}"
EndProject
Project("{9A19103F-16F7-4668-BE54-9A1E7A4F7556}") = "Productos", "Productos\Productos.csproj", "{6E63D023-AD04-485E-828E-72485728A33B}"
EndProject
Project("{9A19103F-16F7-4668-BE54-9A1E7A4F7556}") = "EjercicioI01", "EjercicioI01\EjercicioI01.csproj", "{568045B6-6DF6-45CD-B307-17183910E25D}"
EndProject
Project("{9A19103F-16F7-4668-BE54-9A1E7A4F7556}") = "Billetes", "Billetes\Billetes.csproj", "{94700980-A1B8-4E20-ADF1-BB1A29A0BB39}"
EndProject
Project("{9A19103F-16F7-4668-BE54-9A1E7A4F7556}") = "I02 - Cotizador", "OperacionesConMoneda\I02 - Cotizador.csproj", "{49F456DD-E4DE-4452-8B7A-ED54D4968403}"
EndProject
Project("{9A19103F-16F7-4668-BE54-9A1E7A4F7556}") = "Conversor BinaroDecimal-DecimalBinario", "Conversor BinaroDecimal-DecimalBinario\Conversor BinaroDecimal-DecimalBinario.csproj", "{CC6D7A66-A9F0-4705-B811-36154F5467DA}"
EndProject
Project("{9A19103F-16F7-4668-BE54-9A1E7A4F7556}") = "Ejercicio C02 - La estantería", "Ejercicio C02 - La estantería\Ejercicio C02 - La estantería.csproj", "{8CCD31B7-26A5-4C60-98B9-43A534DE4477}"
EndProject
Project("{9A19103F-16F7-4668-BE54-9A1E7A4F7556}") = "PrimerWindowsForm", "PrimerWindowsForm\PrimerWindowsForm.csproj", "{07E6026B-B2EB-408E-B6EC-B117FF8D272B}"
EndProject
Project("{9A19103F-16F7-4668-BE54-9A1E7A4F7556}") = "Colecciones", "Colecciones\Colecciones.csproj", "{D8F8961F-4610-44E7-8E98-A962D8F9697E}"
EndProject
Project("{9A19103F-16F7-4668-BE54-9A1E7A4F7556}") = "NumerosLocos", "NumerosLocos\NumerosLocos.csproj", "{813B86CA-CD87-4A43-9DCD-424409579654}"
EndProject
Project("{FAE04EC0-301F-11D3-BF4B-00C04F79EFBC}") = "ContadorPalabras", "ContadorPalabras\ContadorPalabras.csproj", "{C8482456-9625-4505-87EC-4840828103DD}"
EndProject
Project("{9A19103F-16F7-4668-BE54-9A1E7A4F7556}") = "Encapsulamiento", "Encapsulamiento\Encapsulamiento.csproj", "{6299AA37-3E08-4CE5-8F80-E410AA14F3A6}"
EndProject
Project("{9A19103F-16F7-4668-BE54-9A1E7A4F7556}") = "Estadistica deportiva", "Estadistica deportiva\Estadistica deportiva.csproj", "{E67FD318-DFB4-4EA0-BDE5-D75BE1B98A55}"
EndProject
Project("{9A19103F-16F7-4668-BE54-9A1E7A4F7556}") = "JugadorEquipo", "Persona\JugadorEquipo.csproj", "{0A595C2F-D521-498E-8CBC-55CDD1A4B5B1}"
EndProject
Project("{9A19103F-16F7-4668-BE54-9A1E7A4F7556}") = "Formula1", "Formula1\Formula1.csproj", "{01FF41F3-2E34-47F9-ACA8-E5B897829B46}"
EndProject
Project("{9A19103F-16F7-4668-BE54-9A1E7A4F7556}") = "Enciendan motores", "Ejercicio C02\Enciendan motores.csproj", "{272E81AC-05CC-49F4-96C6-0BAE233D403B}"
EndProject
Project("{9A19103F-16F7-4668-BE54-9A1E7A4F7556}") = "Puesto de atención", "Puesto de atención\Puesto de atención.csproj", "{4E885397-AE22-4340-BD44-CB2F501A708A}"
EndProject
Project("{9A19103F-16F7-4668-BE54-9A1E7A4F7556}") = "ParaLibro", "ParaLibro\ParaLibro.csproj", "{D3F561DC-40A9-42CB-B483-16DDD5CDDF9C}"
EndProject
Project("{9A19103F-16F7-4668-BE54-9A1E7A4F7556}") = "Libro", "Libro\Libro.csproj", "{EBBB9D43-6B16-4041-8075-1C952B82F88E}"
EndProject
Project("{9A19103F-16F7-4668-BE54-9A1E7A4F7556}") = "Ejemplo de Herencia", "Ejemplo de Herencia\Ejemplo de Herencia.csproj", "{F9BDFED7-CFB8-4023-BADF-A312F942BB6F}"
EndProject
Project("{9A19103F-16F7-4668-BE54-9A1E7A4F7556}") = "Herencia", "Herencia\Herencia.csproj", "{989DF826-3A66-4E0B-BE60-BFAF6621A2EE}"
EndProject
Project("{9A19103F-16F7-4668-BE54-9A1E7A4F7556}") = "El viajar es un placer", "El viajar es un placer\El viajar es un placer.csproj", "{CC767E0E-5223-40AE-B94B-820B6B0583CB}"
EndProject
Project("{9A19103F-16F7-4668-BE54-9A1E7A4F7556}") = "ClaseHerencia", "ClaseHerencia\ClaseHerencia.csproj", "{A4F8B893-27CE-46F2-B8F5-7B4217403B44}"
EndProject
Project("{9A19103F-16F7-4668-BE54-9A1E7A4F7556}") = "HerenciaDeportiva", "HerenciaDeportiva\HerenciaDeportiva.csproj", "{BAB91B05-F647-47CB-A26D-7BD280573A65}"
EndProject
Project("{9A19103F-16F7-4668-BE54-9A1E7A4F7556}") = "HerenciaDeportivaClass", "HerenciaDeportivaClass\HerenciaDeportivaClass.csproj", "{128A36C9-EC8E-466C-8B2D-A5CBEEBCB8EE}"
EndProject
Project("{9A19103F-16F7-4668-BE54-9A1E7A4F7556}") = "Polimorfismo", "Polimorfismo\Polimorfismo.csproj", "{807CD435-5B40-4C7E-A5A1-196B6DC842BF}"
EndProject
Project("{9A19103F-16F7-4668-BE54-9A1E7A4F7556}") = "CalculadoraDeFormas", "CalculadoraDeFormas\CalculadoraDeFormas.csproj", "{A1AAA75A-F355-4632-A8CD-FC11AF59DEF4}"
EndProject
Project("{9A19103F-16F7-4668-BE54-9A1E7A4F7556}") = "Calculadora de formas", "Calculadora de formas\Calculadora de formas.csproj", "{4EF32FD5-A46A-4CBF-98CE-3ACBD313BB6C}"
EndProject
Project("{2150E333-8FDC-42A3-9474-1A3956D46DE8}") = "Hasta 1erParcial", "Hasta 1erParcial", "{2A77FFE5-718F-4D40-9332-779C89647C17}"
EndProject
Project("{2150E333-8FDC-42A3-9474-1A3956D46DE8}") = "Hasta 1erParcial", "Hasta 1erParcial", "{B1D16E6F-42AA-43FF-A167-0A8169D86332}"
EndProject
Project("{9A19103F-16F7-4668-BE54-9A1E7A4F7556}") = "Excepciones Pruebas", "Excepciones Pruebas\Excepciones Pruebas.csproj", "{2DF38724-2B06-4781-BE84-10C096CAC3E0}"
EndProject
Project("{2150E333-8FDC-42A3-9474-1A3956D46DE8}") = "Excepciones", "Excepciones", "{8A9B6129-069A-43B5-BD8E-0627F52F4F53}"
EndProject
Project("{9A19103F-16F7-4668-BE54-9A1E7A4F7556}") = "BibliotecaExcepciones", "BibliotecaExcepciones\BibliotecaExcepciones.csproj", "{007AFE52-A8CA-43ED-AD64-4220D2FD707D}"
EndProject
Project("{9A19103F-16F7-4668-BE54-9A1E7A4F7556}") = "Excepciones 2", "Excepciones 2\Excepciones 2.csproj", "{F1EB90E4-FBB0-4C44-BA9F-13B14137EE5C}"
EndProject
Project("{9A19103F-16F7-4668-BE54-9A1E7A4F7556}") = "Atrapame si puedes", "Atrapame si puedes\Atrapame si puedes.csproj", "{02080544-9DCF-440D-9FCF-1303BEDD1584}"
EndProject
Project("{9A19103F-16F7-4668-BE54-9A1E7A4F7556}") = "Seguimos Con Excepciones", "Seguimos Con Excepciones\Seguimos Con Excepciones.csproj", "{43B67E3C-1C92-4A65-8025-1CA4C0E274C8}"
EndProject
Project("{9A19103F-16F7-4668-BE54-9A1E7A4F7556}") = "PruebaException", "PruebaException\PruebaException.csproj", "{6254E285-8895-45E9-89E2-99CA6F0F0C4C}"
EndProject
Project("{2150E333-8FDC-42A3-9474-1A3956D46DE8}") = "Excepciones", "Excepciones", "{F62DD863-7C3A-4DFF-8CA0-D73306D037D7}"
EndProject
Project("{9A19103F-16F7-4668-BE54-9A1E7A4F7556}") = "CalculadoraParaTesting", "CalculadoraParaTesting\CalculadoraParaTesting.csproj", "{A3F45D06-7A0B-4857-BF36-1BFF4A5C9BCB}"
EndProject
Project("{9A19103F-16F7-4668-BE54-9A1E7A4F7556}") = "Test", "TestCalculadora\Test.csproj", "{D923CAC4-31BC-4775-A860-53CC7CADFEA0}"
EndProject
Project("{9A19103F-16F7-4668-BE54-9A1E7A4F7556}") = "ContadorString", "ContadorString\ContadorString.csproj", "{966E5049-4040-4B31-BBC3-F17C396AEDB9}"
EndProject
Project("{9A19103F-16F7-4668-BE54-9A1E7A4F7556}") = "Formula1Test", "Formula1Test\Formula1Test.csproj", "{EFB486BB-4412-4535-B3CC-005B4B9AB850}"
EndProject
Project("{9A19103F-16F7-4668-BE54-9A1E7A4F7556}") = "Genericos", "Genericos\Genericos.csproj", "{926390BE-C181-4797-B741-1CB3C50FE49F}"
EndProject
Project("{9A19103F-16F7-4668-BE54-9A1E7A4F7556}") = "Ejercicio I01 - Torneo Class", "ClassLibParaGenerics\Ejercicio I01 - Torneo Class.csproj", "{83082F3F-E7B9-4DA9-8330-71839844CDD3}"
EndProject
Project("{9A19103F-16F7-4668-BE54-9A1E7A4F7556}") = "Ejercicio I01 - Torneo", "Ejercicio I01 - Torneo\Ejercicio I01 - Torneo.csproj", "{4D1948AA-6A4E-4165-97EB-BFEB88F050E6}"
EndProject
Project("{2150E333-8FDC-42A3-9474-1A3956D46DE8}") = "Testers", "Testers", "{40666596-F0D7-4573-9D49-8CD023EA1E8B}"
EndProject
Project("{9A19103F-16F7-4668-BE54-9A1E7A4F7556}") = "Ejercicio I01 - Torneo Testing", "Ejercicio I01 - Torneo Testing\Ejercicio I01 - Torneo Testing.csproj", "{336DEADA-0F4B-4653-A4B0-0EEB17EBB308}"
EndProject
Project("{9A19103F-16F7-4668-BE54-9A1E7A4F7556}") = "Generics", "Generics\Generics.csproj", "{A6BD24BB-A455-45E4-945F-F89DA6674790}"
EndProject
Project("{9A19103F-16F7-4668-BE54-9A1E7A4F7556}") = "BibliotecaGenerics", "GenericsChancho\BibliotecaGenerics.csproj", "{0C1764CE-63F0-4913-92B6-7B8617428F11}"
EndProject
Project("{9A19103F-16F7-4668-BE54-9A1E7A4F7556}") = "AplicacionDeTransportes", "AplicacionDeTransportes\AplicacionDeTransportes.csproj", "{DEA6561C-8B6A-415F-A458-35E515703FF8}"
EndProject
Project("{2150E333-8FDC-42A3-9474-1A3956D46DE8}") = "Trabajos Generics", "Trabajos Generics", "{7BED556B-5A2D-4A95-8A56-F9531996A7D7}"
EndProject
Project("{9A19103F-16F7-4668-BE54-9A1E7A4F7556}") = "I02 - Contabilidad", "I02 - Contabilidad\I02 - Contabilidad.csproj", "{4108B179-9564-4997-BE74-4CC8A9B65587}"
EndProject
Project("{2150E333-8FDC-42A3-9474-1A3956D46DE8}") = "Contabilidad", "Contabilidad", "{DCC09AF0-3BFE-4FBD-9D3B-BC916EB8BE9B}"
EndProject
Project("{9A19103F-16F7-4668-BE54-9A1E7A4F7556}") = "ContabilidadClassLib", "ContabilidadClassLib\ContabilidadClassLib.csproj", "{9E11CB82-ADA6-4BD2-AA57-2C578A59FF4A}"
EndProject
Project("{2150E333-8FDC-42A3-9474-1A3956D46DE8}") = "Interfaces", "Interfaces", "{0739124E-9CE0-41D4-884B-AEE5D63EB6C1}"
EndProject
Project("{9A19103F-16F7-4668-BE54-9A1E7A4F7556}") = "Interfaces", "Interfaces\Interfaces.csproj", "{60D029F0-FB09-4C7A-9FD0-A7985DA8EC40}"
EndProject
Project("{9A19103F-16F7-4668-BE54-9A1E7A4F7556}") = "Consola", "Consola\Consola.csproj", "{91F4B9FD-A1DC-4F92-9A8A-91B818CFF49A}"
EndProject
Project("{9A19103F-16F7-4668-BE54-9A1E7A4F7556}") = "Cartuchera", "Cartuchera\Cartuchera.csproj", "{D8D12D9B-92C4-4A46-9673-D1A386E5BA55}"
EndProject
Project("{9A19103F-16F7-4668-BE54-9A1E7A4F7556}") = "CartucheraLibl", "CartucheraLibl\CartucheraLibl.csproj", "{148A2114-ADAC-421B-B5EE-0A887673339F}"
EndProject
Project("{2150E333-8FDC-42A3-9474-1A3956D46DE8}") = "Archivos", "Archivos", "{9EB143B0-1559-48DA-AC9A-64FC487A5750}"
EndProject
Project("{9A19103F-16F7-4668-BE54-9A1E7A4F7556}") = "Files", "Files\Files.csproj", "{BDA6C48A-35B9-45D3-A46A-77922CD409EC}"
EndProject
Project("{9A19103F-16F7-4668-BE54-9A1E7A4F7556}") = "CLArchivos", "CLArchivos\CLArchivos.csproj", "{F3D20841-89C2-44EB-B21F-BE0E92180304}"
EndProject
Project("{9A19103F-16F7-4668-BE54-9A1E7A4F7556}") = "NotePad", "NotePad\NotePad.csproj", "{DCB907A9-4036-4CAF-8234-0CFB20859FF9}"
EndProject
Project("{2150E333-8FDC-42A3-9474-1A3956D46DE8}") = "ArchivosVideos", "ArchivosVideos", "{08EA6721-AF00-4615-94CE-505897956257}"
EndProject
Project("{9A19103F-16F7-4668-BE54-9A1E7A4F7556}") = "ArchivosVideos(SWriter)", "ArchivosVideos\ArchivosVideos(SWriter).csproj", "{9D4590FB-6029-4695-9AD2-7909F2C0CF54}"
EndProject
Project("{9A19103F-16F7-4668-BE54-9A1E7A4F7556}") = "ArchivosFILE", "ArchivosFILE\ArchivosFILE.csproj", "{9989CEA6-D69C-4494-B285-8D15E5CFFA1E}"
EndProject
Project("{9A19103F-16F7-4668-BE54-9A1E7A4F7556}") = "SerializacionXml", "SerializacionXml\SerializacionXml.csproj", "{72C59707-E42A-4D60-B610-47482D7BA517}"
EndProject
Project("{9A19103F-16F7-4668-BE54-9A1E7A4F7556}") = "SerializadorXmlConHerencia", "SerializadorXmlConHerencia\SerializadorXmlConHerencia.csproj", "{849B4880-D511-427B-9504-F39A30841483}"
EndProject
Project("{9A19103F-16F7-4668-BE54-9A1E7A4F7556}") = "SerializacionJson", "SerializacionJson\SerializacionJson.csproj", "{9B8E88EA-7720-4279-B405-770B7DCE3E77}"
EndProject
Project("{9A19103F-16F7-4668-BE54-9A1E7A4F7556}") = "ConsultasSQL", "ConsultasSQL\ConsultasSQL.csproj", "{E7CDD3ED-B0EA-4785-BF75-AD5E98BCA65C}"
EndProject
Project("{9A19103F-16F7-4668-BE54-9A1E7A4F7556}") = "ConsolaSQL", "ConsolaSQL\ConsolaSQL.csproj", "{6E115EA4-53E3-4D59-97ED-D90A4E5A36C3}"
EndProject
Project("{9A19103F-16F7-4668-BE54-9A1E7A4F7556}") = "ConsultasSQLDatav", "ConsultasSQLDatav\ConsultasSQLDatav.csproj", "{E68D0968-B8BA-462C-85E5-DAC740691800}"
EndProject
Project("{FAE04EC0-301F-11D3-BF4B-00C04F79EFBC}") = "Delegados", "Delegados\Delegados.csproj", "{47E5AFEE-B854-41D4-B739-C44D4D55216C}"
EndProject
Global
	GlobalSection(SolutionConfigurationPlatforms) = preSolution
		Debug|Any CPU = Debug|Any CPU
		Release|Any CPU = Release|Any CPU
	EndGlobalSection
	GlobalSection(ProjectConfigurationPlatforms) = postSolution
		{5328DEA3-ADF5-44AE-BD2B-286FF9292E1F}.Debug|Any CPU.ActiveCfg = Debug|Any CPU
		{5328DEA3-ADF5-44AE-BD2B-286FF9292E1F}.Debug|Any CPU.Build.0 = Debug|Any CPU
		{5328DEA3-ADF5-44AE-BD2B-286FF9292E1F}.Release|Any CPU.ActiveCfg = Release|Any CPU
		{5328DEA3-ADF5-44AE-BD2B-286FF9292E1F}.Release|Any CPU.Build.0 = Release|Any CPU
		{AFFFF534-339D-4AEF-9D5B-11EE502974D7}.Debug|Any CPU.ActiveCfg = Debug|Any CPU
		{AFFFF534-339D-4AEF-9D5B-11EE502974D7}.Debug|Any CPU.Build.0 = Debug|Any CPU
		{AFFFF534-339D-4AEF-9D5B-11EE502974D7}.Release|Any CPU.ActiveCfg = Release|Any CPU
		{AFFFF534-339D-4AEF-9D5B-11EE502974D7}.Release|Any CPU.Build.0 = Release|Any CPU
		{15310925-8578-4866-B8F4-8799E884090A}.Debug|Any CPU.ActiveCfg = Debug|Any CPU
		{15310925-8578-4866-B8F4-8799E884090A}.Debug|Any CPU.Build.0 = Debug|Any CPU
		{15310925-8578-4866-B8F4-8799E884090A}.Release|Any CPU.ActiveCfg = Release|Any CPU
		{15310925-8578-4866-B8F4-8799E884090A}.Release|Any CPU.Build.0 = Release|Any CPU
		{77AC8504-7E3A-4FF2-AA66-C86D9FB4C157}.Debug|Any CPU.ActiveCfg = Debug|Any CPU
		{77AC8504-7E3A-4FF2-AA66-C86D9FB4C157}.Debug|Any CPU.Build.0 = Debug|Any CPU
		{77AC8504-7E3A-4FF2-AA66-C86D9FB4C157}.Release|Any CPU.ActiveCfg = Release|Any CPU
		{77AC8504-7E3A-4FF2-AA66-C86D9FB4C157}.Release|Any CPU.Build.0 = Release|Any CPU
		{9BFBF401-C56D-47DA-A6AE-2AC7C41D03B0}.Debug|Any CPU.ActiveCfg = Debug|Any CPU
		{9BFBF401-C56D-47DA-A6AE-2AC7C41D03B0}.Debug|Any CPU.Build.0 = Debug|Any CPU
		{9BFBF401-C56D-47DA-A6AE-2AC7C41D03B0}.Release|Any CPU.ActiveCfg = Release|Any CPU
		{9BFBF401-C56D-47DA-A6AE-2AC7C41D03B0}.Release|Any CPU.Build.0 = Release|Any CPU
		{BA6C25B8-05E2-40EB-A9CB-455531B94900}.Debug|Any CPU.ActiveCfg = Debug|Any CPU
		{BA6C25B8-05E2-40EB-A9CB-455531B94900}.Debug|Any CPU.Build.0 = Debug|Any CPU
		{BA6C25B8-05E2-40EB-A9CB-455531B94900}.Release|Any CPU.ActiveCfg = Release|Any CPU
		{BA6C25B8-05E2-40EB-A9CB-455531B94900}.Release|Any CPU.Build.0 = Release|Any CPU
		{6E63D023-AD04-485E-828E-72485728A33B}.Debug|Any CPU.ActiveCfg = Debug|Any CPU
		{6E63D023-AD04-485E-828E-72485728A33B}.Debug|Any CPU.Build.0 = Debug|Any CPU
		{6E63D023-AD04-485E-828E-72485728A33B}.Release|Any CPU.ActiveCfg = Release|Any CPU
		{6E63D023-AD04-485E-828E-72485728A33B}.Release|Any CPU.Build.0 = Release|Any CPU
		{568045B6-6DF6-45CD-B307-17183910E25D}.Debug|Any CPU.ActiveCfg = Debug|Any CPU
		{568045B6-6DF6-45CD-B307-17183910E25D}.Debug|Any CPU.Build.0 = Debug|Any CPU
		{568045B6-6DF6-45CD-B307-17183910E25D}.Release|Any CPU.ActiveCfg = Release|Any CPU
		{568045B6-6DF6-45CD-B307-17183910E25D}.Release|Any CPU.Build.0 = Release|Any CPU
		{94700980-A1B8-4E20-ADF1-BB1A29A0BB39}.Debug|Any CPU.ActiveCfg = Debug|Any CPU
		{94700980-A1B8-4E20-ADF1-BB1A29A0BB39}.Debug|Any CPU.Build.0 = Debug|Any CPU
		{94700980-A1B8-4E20-ADF1-BB1A29A0BB39}.Release|Any CPU.ActiveCfg = Release|Any CPU
		{94700980-A1B8-4E20-ADF1-BB1A29A0BB39}.Release|Any CPU.Build.0 = Release|Any CPU
		{49F456DD-E4DE-4452-8B7A-ED54D4968403}.Debug|Any CPU.ActiveCfg = Debug|Any CPU
		{49F456DD-E4DE-4452-8B7A-ED54D4968403}.Debug|Any CPU.Build.0 = Debug|Any CPU
		{49F456DD-E4DE-4452-8B7A-ED54D4968403}.Release|Any CPU.ActiveCfg = Release|Any CPU
		{49F456DD-E4DE-4452-8B7A-ED54D4968403}.Release|Any CPU.Build.0 = Release|Any CPU
		{CC6D7A66-A9F0-4705-B811-36154F5467DA}.Debug|Any CPU.ActiveCfg = Debug|Any CPU
		{CC6D7A66-A9F0-4705-B811-36154F5467DA}.Debug|Any CPU.Build.0 = Debug|Any CPU
		{CC6D7A66-A9F0-4705-B811-36154F5467DA}.Release|Any CPU.ActiveCfg = Release|Any CPU
		{CC6D7A66-A9F0-4705-B811-36154F5467DA}.Release|Any CPU.Build.0 = Release|Any CPU
		{8CCD31B7-26A5-4C60-98B9-43A534DE4477}.Debug|Any CPU.ActiveCfg = Debug|Any CPU
		{8CCD31B7-26A5-4C60-98B9-43A534DE4477}.Debug|Any CPU.Build.0 = Debug|Any CPU
		{8CCD31B7-26A5-4C60-98B9-43A534DE4477}.Release|Any CPU.ActiveCfg = Release|Any CPU
		{8CCD31B7-26A5-4C60-98B9-43A534DE4477}.Release|Any CPU.Build.0 = Release|Any CPU
		{07E6026B-B2EB-408E-B6EC-B117FF8D272B}.Debug|Any CPU.ActiveCfg = Debug|Any CPU
		{07E6026B-B2EB-408E-B6EC-B117FF8D272B}.Debug|Any CPU.Build.0 = Debug|Any CPU
		{07E6026B-B2EB-408E-B6EC-B117FF8D272B}.Release|Any CPU.ActiveCfg = Release|Any CPU
		{07E6026B-B2EB-408E-B6EC-B117FF8D272B}.Release|Any CPU.Build.0 = Release|Any CPU
		{D8F8961F-4610-44E7-8E98-A962D8F9697E}.Debug|Any CPU.ActiveCfg = Debug|Any CPU
		{D8F8961F-4610-44E7-8E98-A962D8F9697E}.Debug|Any CPU.Build.0 = Debug|Any CPU
		{D8F8961F-4610-44E7-8E98-A962D8F9697E}.Release|Any CPU.ActiveCfg = Release|Any CPU
		{D8F8961F-4610-44E7-8E98-A962D8F9697E}.Release|Any CPU.Build.0 = Release|Any CPU
		{813B86CA-CD87-4A43-9DCD-424409579654}.Debug|Any CPU.ActiveCfg = Debug|Any CPU
		{813B86CA-CD87-4A43-9DCD-424409579654}.Debug|Any CPU.Build.0 = Debug|Any CPU
		{813B86CA-CD87-4A43-9DCD-424409579654}.Release|Any CPU.ActiveCfg = Release|Any CPU
		{813B86CA-CD87-4A43-9DCD-424409579654}.Release|Any CPU.Build.0 = Release|Any CPU
		{C8482456-9625-4505-87EC-4840828103DD}.Debug|Any CPU.ActiveCfg = Debug|Any CPU
		{C8482456-9625-4505-87EC-4840828103DD}.Debug|Any CPU.Build.0 = Debug|Any CPU
		{C8482456-9625-4505-87EC-4840828103DD}.Release|Any CPU.ActiveCfg = Release|Any CPU
		{C8482456-9625-4505-87EC-4840828103DD}.Release|Any CPU.Build.0 = Release|Any CPU
		{6299AA37-3E08-4CE5-8F80-E410AA14F3A6}.Debug|Any CPU.ActiveCfg = Debug|Any CPU
		{6299AA37-3E08-4CE5-8F80-E410AA14F3A6}.Debug|Any CPU.Build.0 = Debug|Any CPU
		{6299AA37-3E08-4CE5-8F80-E410AA14F3A6}.Release|Any CPU.ActiveCfg = Release|Any CPU
		{6299AA37-3E08-4CE5-8F80-E410AA14F3A6}.Release|Any CPU.Build.0 = Release|Any CPU
		{E67FD318-DFB4-4EA0-BDE5-D75BE1B98A55}.Debug|Any CPU.ActiveCfg = Debug|Any CPU
		{E67FD318-DFB4-4EA0-BDE5-D75BE1B98A55}.Debug|Any CPU.Build.0 = Debug|Any CPU
		{E67FD318-DFB4-4EA0-BDE5-D75BE1B98A55}.Release|Any CPU.ActiveCfg = Release|Any CPU
		{E67FD318-DFB4-4EA0-BDE5-D75BE1B98A55}.Release|Any CPU.Build.0 = Release|Any CPU
		{0A595C2F-D521-498E-8CBC-55CDD1A4B5B1}.Debug|Any CPU.ActiveCfg = Debug|Any CPU
		{0A595C2F-D521-498E-8CBC-55CDD1A4B5B1}.Debug|Any CPU.Build.0 = Debug|Any CPU
		{0A595C2F-D521-498E-8CBC-55CDD1A4B5B1}.Release|Any CPU.ActiveCfg = Release|Any CPU
		{0A595C2F-D521-498E-8CBC-55CDD1A4B5B1}.Release|Any CPU.Build.0 = Release|Any CPU
		{01FF41F3-2E34-47F9-ACA8-E5B897829B46}.Debug|Any CPU.ActiveCfg = Debug|Any CPU
		{01FF41F3-2E34-47F9-ACA8-E5B897829B46}.Debug|Any CPU.Build.0 = Debug|Any CPU
		{01FF41F3-2E34-47F9-ACA8-E5B897829B46}.Release|Any CPU.ActiveCfg = Release|Any CPU
		{01FF41F3-2E34-47F9-ACA8-E5B897829B46}.Release|Any CPU.Build.0 = Release|Any CPU
		{272E81AC-05CC-49F4-96C6-0BAE233D403B}.Debug|Any CPU.ActiveCfg = Debug|Any CPU
		{272E81AC-05CC-49F4-96C6-0BAE233D403B}.Debug|Any CPU.Build.0 = Debug|Any CPU
		{272E81AC-05CC-49F4-96C6-0BAE233D403B}.Release|Any CPU.ActiveCfg = Release|Any CPU
		{272E81AC-05CC-49F4-96C6-0BAE233D403B}.Release|Any CPU.Build.0 = Release|Any CPU
		{4E885397-AE22-4340-BD44-CB2F501A708A}.Debug|Any CPU.ActiveCfg = Debug|Any CPU
		{4E885397-AE22-4340-BD44-CB2F501A708A}.Debug|Any CPU.Build.0 = Debug|Any CPU
		{4E885397-AE22-4340-BD44-CB2F501A708A}.Release|Any CPU.ActiveCfg = Release|Any CPU
		{4E885397-AE22-4340-BD44-CB2F501A708A}.Release|Any CPU.Build.0 = Release|Any CPU
		{D3F561DC-40A9-42CB-B483-16DDD5CDDF9C}.Debug|Any CPU.ActiveCfg = Debug|Any CPU
		{D3F561DC-40A9-42CB-B483-16DDD5CDDF9C}.Debug|Any CPU.Build.0 = Debug|Any CPU
		{D3F561DC-40A9-42CB-B483-16DDD5CDDF9C}.Release|Any CPU.ActiveCfg = Release|Any CPU
		{D3F561DC-40A9-42CB-B483-16DDD5CDDF9C}.Release|Any CPU.Build.0 = Release|Any CPU
		{EBBB9D43-6B16-4041-8075-1C952B82F88E}.Debug|Any CPU.ActiveCfg = Debug|Any CPU
		{EBBB9D43-6B16-4041-8075-1C952B82F88E}.Debug|Any CPU.Build.0 = Debug|Any CPU
		{EBBB9D43-6B16-4041-8075-1C952B82F88E}.Release|Any CPU.ActiveCfg = Release|Any CPU
		{EBBB9D43-6B16-4041-8075-1C952B82F88E}.Release|Any CPU.Build.0 = Release|Any CPU
		{F9BDFED7-CFB8-4023-BADF-A312F942BB6F}.Debug|Any CPU.ActiveCfg = Debug|Any CPU
		{F9BDFED7-CFB8-4023-BADF-A312F942BB6F}.Debug|Any CPU.Build.0 = Debug|Any CPU
		{F9BDFED7-CFB8-4023-BADF-A312F942BB6F}.Release|Any CPU.ActiveCfg = Release|Any CPU
		{F9BDFED7-CFB8-4023-BADF-A312F942BB6F}.Release|Any CPU.Build.0 = Release|Any CPU
		{989DF826-3A66-4E0B-BE60-BFAF6621A2EE}.Debug|Any CPU.ActiveCfg = Debug|Any CPU
		{989DF826-3A66-4E0B-BE60-BFAF6621A2EE}.Debug|Any CPU.Build.0 = Debug|Any CPU
		{989DF826-3A66-4E0B-BE60-BFAF6621A2EE}.Release|Any CPU.ActiveCfg = Release|Any CPU
		{989DF826-3A66-4E0B-BE60-BFAF6621A2EE}.Release|Any CPU.Build.0 = Release|Any CPU
		{CC767E0E-5223-40AE-B94B-820B6B0583CB}.Debug|Any CPU.ActiveCfg = Debug|Any CPU
		{CC767E0E-5223-40AE-B94B-820B6B0583CB}.Debug|Any CPU.Build.0 = Debug|Any CPU
		{CC767E0E-5223-40AE-B94B-820B6B0583CB}.Release|Any CPU.ActiveCfg = Release|Any CPU
		{CC767E0E-5223-40AE-B94B-820B6B0583CB}.Release|Any CPU.Build.0 = Release|Any CPU
		{A4F8B893-27CE-46F2-B8F5-7B4217403B44}.Debug|Any CPU.ActiveCfg = Debug|Any CPU
		{A4F8B893-27CE-46F2-B8F5-7B4217403B44}.Debug|Any CPU.Build.0 = Debug|Any CPU
		{A4F8B893-27CE-46F2-B8F5-7B4217403B44}.Release|Any CPU.ActiveCfg = Release|Any CPU
		{A4F8B893-27CE-46F2-B8F5-7B4217403B44}.Release|Any CPU.Build.0 = Release|Any CPU
		{BAB91B05-F647-47CB-A26D-7BD280573A65}.Debug|Any CPU.ActiveCfg = Debug|Any CPU
		{BAB91B05-F647-47CB-A26D-7BD280573A65}.Debug|Any CPU.Build.0 = Debug|Any CPU
		{BAB91B05-F647-47CB-A26D-7BD280573A65}.Release|Any CPU.ActiveCfg = Release|Any CPU
		{BAB91B05-F647-47CB-A26D-7BD280573A65}.Release|Any CPU.Build.0 = Release|Any CPU
		{128A36C9-EC8E-466C-8B2D-A5CBEEBCB8EE}.Debug|Any CPU.ActiveCfg = Debug|Any CPU
		{128A36C9-EC8E-466C-8B2D-A5CBEEBCB8EE}.Debug|Any CPU.Build.0 = Debug|Any CPU
		{128A36C9-EC8E-466C-8B2D-A5CBEEBCB8EE}.Release|Any CPU.ActiveCfg = Release|Any CPU
		{128A36C9-EC8E-466C-8B2D-A5CBEEBCB8EE}.Release|Any CPU.Build.0 = Release|Any CPU
		{807CD435-5B40-4C7E-A5A1-196B6DC842BF}.Debug|Any CPU.ActiveCfg = Debug|Any CPU
		{807CD435-5B40-4C7E-A5A1-196B6DC842BF}.Debug|Any CPU.Build.0 = Debug|Any CPU
		{807CD435-5B40-4C7E-A5A1-196B6DC842BF}.Release|Any CPU.ActiveCfg = Release|Any CPU
		{807CD435-5B40-4C7E-A5A1-196B6DC842BF}.Release|Any CPU.Build.0 = Release|Any CPU
		{A1AAA75A-F355-4632-A8CD-FC11AF59DEF4}.Debug|Any CPU.ActiveCfg = Debug|Any CPU
		{A1AAA75A-F355-4632-A8CD-FC11AF59DEF4}.Debug|Any CPU.Build.0 = Debug|Any CPU
		{A1AAA75A-F355-4632-A8CD-FC11AF59DEF4}.Release|Any CPU.ActiveCfg = Release|Any CPU
		{A1AAA75A-F355-4632-A8CD-FC11AF59DEF4}.Release|Any CPU.Build.0 = Release|Any CPU
		{4EF32FD5-A46A-4CBF-98CE-3ACBD313BB6C}.Debug|Any CPU.ActiveCfg = Debug|Any CPU
		{4EF32FD5-A46A-4CBF-98CE-3ACBD313BB6C}.Debug|Any CPU.Build.0 = Debug|Any CPU
		{4EF32FD5-A46A-4CBF-98CE-3ACBD313BB6C}.Release|Any CPU.ActiveCfg = Release|Any CPU
		{4EF32FD5-A46A-4CBF-98CE-3ACBD313BB6C}.Release|Any CPU.Build.0 = Release|Any CPU
		{2DF38724-2B06-4781-BE84-10C096CAC3E0}.Debug|Any CPU.ActiveCfg = Debug|Any CPU
		{2DF38724-2B06-4781-BE84-10C096CAC3E0}.Debug|Any CPU.Build.0 = Debug|Any CPU
		{2DF38724-2B06-4781-BE84-10C096CAC3E0}.Release|Any CPU.ActiveCfg = Release|Any CPU
		{2DF38724-2B06-4781-BE84-10C096CAC3E0}.Release|Any CPU.Build.0 = Release|Any CPU
		{007AFE52-A8CA-43ED-AD64-4220D2FD707D}.Debug|Any CPU.ActiveCfg = Debug|Any CPU
		{007AFE52-A8CA-43ED-AD64-4220D2FD707D}.Debug|Any CPU.Build.0 = Debug|Any CPU
		{007AFE52-A8CA-43ED-AD64-4220D2FD707D}.Release|Any CPU.ActiveCfg = Release|Any CPU
		{007AFE52-A8CA-43ED-AD64-4220D2FD707D}.Release|Any CPU.Build.0 = Release|Any CPU
		{F1EB90E4-FBB0-4C44-BA9F-13B14137EE5C}.Debug|Any CPU.ActiveCfg = Debug|Any CPU
		{F1EB90E4-FBB0-4C44-BA9F-13B14137EE5C}.Debug|Any CPU.Build.0 = Debug|Any CPU
		{F1EB90E4-FBB0-4C44-BA9F-13B14137EE5C}.Release|Any CPU.ActiveCfg = Release|Any CPU
		{F1EB90E4-FBB0-4C44-BA9F-13B14137EE5C}.Release|Any CPU.Build.0 = Release|Any CPU
		{02080544-9DCF-440D-9FCF-1303BEDD1584}.Debug|Any CPU.ActiveCfg = Debug|Any CPU
		{02080544-9DCF-440D-9FCF-1303BEDD1584}.Debug|Any CPU.Build.0 = Debug|Any CPU
		{02080544-9DCF-440D-9FCF-1303BEDD1584}.Release|Any CPU.ActiveCfg = Release|Any CPU
		{02080544-9DCF-440D-9FCF-1303BEDD1584}.Release|Any CPU.Build.0 = Release|Any CPU
		{43B67E3C-1C92-4A65-8025-1CA4C0E274C8}.Debug|Any CPU.ActiveCfg = Debug|Any CPU
		{43B67E3C-1C92-4A65-8025-1CA4C0E274C8}.Debug|Any CPU.Build.0 = Debug|Any CPU
		{43B67E3C-1C92-4A65-8025-1CA4C0E274C8}.Release|Any CPU.ActiveCfg = Release|Any CPU
		{43B67E3C-1C92-4A65-8025-1CA4C0E274C8}.Release|Any CPU.Build.0 = Release|Any CPU
		{6254E285-8895-45E9-89E2-99CA6F0F0C4C}.Debug|Any CPU.ActiveCfg = Debug|Any CPU
		{6254E285-8895-45E9-89E2-99CA6F0F0C4C}.Debug|Any CPU.Build.0 = Debug|Any CPU
		{6254E285-8895-45E9-89E2-99CA6F0F0C4C}.Release|Any CPU.ActiveCfg = Release|Any CPU
		{6254E285-8895-45E9-89E2-99CA6F0F0C4C}.Release|Any CPU.Build.0 = Release|Any CPU
		{A3F45D06-7A0B-4857-BF36-1BFF4A5C9BCB}.Debug|Any CPU.ActiveCfg = Debug|Any CPU
		{A3F45D06-7A0B-4857-BF36-1BFF4A5C9BCB}.Debug|Any CPU.Build.0 = Debug|Any CPU
		{A3F45D06-7A0B-4857-BF36-1BFF4A5C9BCB}.Release|Any CPU.ActiveCfg = Release|Any CPU
		{A3F45D06-7A0B-4857-BF36-1BFF4A5C9BCB}.Release|Any CPU.Build.0 = Release|Any CPU
		{D923CAC4-31BC-4775-A860-53CC7CADFEA0}.Debug|Any CPU.ActiveCfg = Debug|Any CPU
		{D923CAC4-31BC-4775-A860-53CC7CADFEA0}.Debug|Any CPU.Build.0 = Debug|Any CPU
		{D923CAC4-31BC-4775-A860-53CC7CADFEA0}.Release|Any CPU.ActiveCfg = Release|Any CPU
		{D923CAC4-31BC-4775-A860-53CC7CADFEA0}.Release|Any CPU.Build.0 = Release|Any CPU
		{966E5049-4040-4B31-BBC3-F17C396AEDB9}.Debug|Any CPU.ActiveCfg = Debug|Any CPU
		{966E5049-4040-4B31-BBC3-F17C396AEDB9}.Debug|Any CPU.Build.0 = Debug|Any CPU
		{966E5049-4040-4B31-BBC3-F17C396AEDB9}.Release|Any CPU.ActiveCfg = Release|Any CPU
		{966E5049-4040-4B31-BBC3-F17C396AEDB9}.Release|Any CPU.Build.0 = Release|Any CPU
		{EFB486BB-4412-4535-B3CC-005B4B9AB850}.Debug|Any CPU.ActiveCfg = Debug|Any CPU
		{EFB486BB-4412-4535-B3CC-005B4B9AB850}.Debug|Any CPU.Build.0 = Debug|Any CPU
		{EFB486BB-4412-4535-B3CC-005B4B9AB850}.Release|Any CPU.ActiveCfg = Release|Any CPU
		{EFB486BB-4412-4535-B3CC-005B4B9AB850}.Release|Any CPU.Build.0 = Release|Any CPU
		{926390BE-C181-4797-B741-1CB3C50FE49F}.Debug|Any CPU.ActiveCfg = Debug|Any CPU
		{926390BE-C181-4797-B741-1CB3C50FE49F}.Debug|Any CPU.Build.0 = Debug|Any CPU
		{926390BE-C181-4797-B741-1CB3C50FE49F}.Release|Any CPU.ActiveCfg = Release|Any CPU
		{926390BE-C181-4797-B741-1CB3C50FE49F}.Release|Any CPU.Build.0 = Release|Any CPU
		{83082F3F-E7B9-4DA9-8330-71839844CDD3}.Debug|Any CPU.ActiveCfg = Debug|Any CPU
		{83082F3F-E7B9-4DA9-8330-71839844CDD3}.Debug|Any CPU.Build.0 = Debug|Any CPU
		{83082F3F-E7B9-4DA9-8330-71839844CDD3}.Release|Any CPU.ActiveCfg = Release|Any CPU
		{83082F3F-E7B9-4DA9-8330-71839844CDD3}.Release|Any CPU.Build.0 = Release|Any CPU
		{4D1948AA-6A4E-4165-97EB-BFEB88F050E6}.Debug|Any CPU.ActiveCfg = Debug|Any CPU
		{4D1948AA-6A4E-4165-97EB-BFEB88F050E6}.Debug|Any CPU.Build.0 = Debug|Any CPU
		{4D1948AA-6A4E-4165-97EB-BFEB88F050E6}.Release|Any CPU.ActiveCfg = Release|Any CPU
		{4D1948AA-6A4E-4165-97EB-BFEB88F050E6}.Release|Any CPU.Build.0 = Release|Any CPU
		{336DEADA-0F4B-4653-A4B0-0EEB17EBB308}.Debug|Any CPU.ActiveCfg = Debug|Any CPU
		{336DEADA-0F4B-4653-A4B0-0EEB17EBB308}.Debug|Any CPU.Build.0 = Debug|Any CPU
		{336DEADA-0F4B-4653-A4B0-0EEB17EBB308}.Release|Any CPU.ActiveCfg = Release|Any CPU
		{336DEADA-0F4B-4653-A4B0-0EEB17EBB308}.Release|Any CPU.Build.0 = Release|Any CPU
		{A6BD24BB-A455-45E4-945F-F89DA6674790}.Debug|Any CPU.ActiveCfg = Debug|Any CPU
		{A6BD24BB-A455-45E4-945F-F89DA6674790}.Debug|Any CPU.Build.0 = Debug|Any CPU
		{A6BD24BB-A455-45E4-945F-F89DA6674790}.Release|Any CPU.ActiveCfg = Release|Any CPU
		{A6BD24BB-A455-45E4-945F-F89DA6674790}.Release|Any CPU.Build.0 = Release|Any CPU
		{0C1764CE-63F0-4913-92B6-7B8617428F11}.Debug|Any CPU.ActiveCfg = Debug|Any CPU
		{0C1764CE-63F0-4913-92B6-7B8617428F11}.Debug|Any CPU.Build.0 = Debug|Any CPU
		{0C1764CE-63F0-4913-92B6-7B8617428F11}.Release|Any CPU.ActiveCfg = Release|Any CPU
		{0C1764CE-63F0-4913-92B6-7B8617428F11}.Release|Any CPU.Build.0 = Release|Any CPU
		{DEA6561C-8B6A-415F-A458-35E515703FF8}.Debug|Any CPU.ActiveCfg = Debug|Any CPU
		{DEA6561C-8B6A-415F-A458-35E515703FF8}.Debug|Any CPU.Build.0 = Debug|Any CPU
		{DEA6561C-8B6A-415F-A458-35E515703FF8}.Release|Any CPU.ActiveCfg = Release|Any CPU
		{DEA6561C-8B6A-415F-A458-35E515703FF8}.Release|Any CPU.Build.0 = Release|Any CPU
		{4108B179-9564-4997-BE74-4CC8A9B65587}.Debug|Any CPU.ActiveCfg = Debug|Any CPU
		{4108B179-9564-4997-BE74-4CC8A9B65587}.Debug|Any CPU.Build.0 = Debug|Any CPU
		{4108B179-9564-4997-BE74-4CC8A9B65587}.Release|Any CPU.ActiveCfg = Release|Any CPU
		{4108B179-9564-4997-BE74-4CC8A9B65587}.Release|Any CPU.Build.0 = Release|Any CPU
		{9E11CB82-ADA6-4BD2-AA57-2C578A59FF4A}.Debug|Any CPU.ActiveCfg = Debug|Any CPU
		{9E11CB82-ADA6-4BD2-AA57-2C578A59FF4A}.Debug|Any CPU.Build.0 = Debug|Any CPU
		{9E11CB82-ADA6-4BD2-AA57-2C578A59FF4A}.Release|Any CPU.ActiveCfg = Release|Any CPU
		{9E11CB82-ADA6-4BD2-AA57-2C578A59FF4A}.Release|Any CPU.Build.0 = Release|Any CPU
		{60D029F0-FB09-4C7A-9FD0-A7985DA8EC40}.Debug|Any CPU.ActiveCfg = Debug|Any CPU
		{60D029F0-FB09-4C7A-9FD0-A7985DA8EC40}.Debug|Any CPU.Build.0 = Debug|Any CPU
		{60D029F0-FB09-4C7A-9FD0-A7985DA8EC40}.Release|Any CPU.ActiveCfg = Release|Any CPU
		{60D029F0-FB09-4C7A-9FD0-A7985DA8EC40}.Release|Any CPU.Build.0 = Release|Any CPU
		{91F4B9FD-A1DC-4F92-9A8A-91B818CFF49A}.Debug|Any CPU.ActiveCfg = Debug|Any CPU
		{91F4B9FD-A1DC-4F92-9A8A-91B818CFF49A}.Debug|Any CPU.Build.0 = Debug|Any CPU
		{91F4B9FD-A1DC-4F92-9A8A-91B818CFF49A}.Release|Any CPU.ActiveCfg = Release|Any CPU
		{91F4B9FD-A1DC-4F92-9A8A-91B818CFF49A}.Release|Any CPU.Build.0 = Release|Any CPU
		{D8D12D9B-92C4-4A46-9673-D1A386E5BA55}.Debug|Any CPU.ActiveCfg = Debug|Any CPU
		{D8D12D9B-92C4-4A46-9673-D1A386E5BA55}.Debug|Any CPU.Build.0 = Debug|Any CPU
		{D8D12D9B-92C4-4A46-9673-D1A386E5BA55}.Release|Any CPU.ActiveCfg = Release|Any CPU
		{D8D12D9B-92C4-4A46-9673-D1A386E5BA55}.Release|Any CPU.Build.0 = Release|Any CPU
		{148A2114-ADAC-421B-B5EE-0A887673339F}.Debug|Any CPU.ActiveCfg = Debug|Any CPU
		{148A2114-ADAC-421B-B5EE-0A887673339F}.Debug|Any CPU.Build.0 = Debug|Any CPU
		{148A2114-ADAC-421B-B5EE-0A887673339F}.Release|Any CPU.ActiveCfg = Release|Any CPU
		{148A2114-ADAC-421B-B5EE-0A887673339F}.Release|Any CPU.Build.0 = Release|Any CPU
		{BDA6C48A-35B9-45D3-A46A-77922CD409EC}.Debug|Any CPU.ActiveCfg = Debug|Any CPU
		{BDA6C48A-35B9-45D3-A46A-77922CD409EC}.Debug|Any CPU.Build.0 = Debug|Any CPU
		{BDA6C48A-35B9-45D3-A46A-77922CD409EC}.Release|Any CPU.ActiveCfg = Release|Any CPU
		{BDA6C48A-35B9-45D3-A46A-77922CD409EC}.Release|Any CPU.Build.0 = Release|Any CPU
		{F3D20841-89C2-44EB-B21F-BE0E92180304}.Debug|Any CPU.ActiveCfg = Debug|Any CPU
		{F3D20841-89C2-44EB-B21F-BE0E92180304}.Debug|Any CPU.Build.0 = Debug|Any CPU
		{F3D20841-89C2-44EB-B21F-BE0E92180304}.Release|Any CPU.ActiveCfg = Release|Any CPU
		{F3D20841-89C2-44EB-B21F-BE0E92180304}.Release|Any CPU.Build.0 = Release|Any CPU
		{DCB907A9-4036-4CAF-8234-0CFB20859FF9}.Debug|Any CPU.ActiveCfg = Debug|Any CPU
		{DCB907A9-4036-4CAF-8234-0CFB20859FF9}.Debug|Any CPU.Build.0 = Debug|Any CPU
		{DCB907A9-4036-4CAF-8234-0CFB20859FF9}.Release|Any CPU.ActiveCfg = Release|Any CPU
		{DCB907A9-4036-4CAF-8234-0CFB20859FF9}.Release|Any CPU.Build.0 = Release|Any CPU
		{9D4590FB-6029-4695-9AD2-7909F2C0CF54}.Debug|Any CPU.ActiveCfg = Debug|Any CPU
		{9D4590FB-6029-4695-9AD2-7909F2C0CF54}.Debug|Any CPU.Build.0 = Debug|Any CPU
		{9D4590FB-6029-4695-9AD2-7909F2C0CF54}.Release|Any CPU.ActiveCfg = Release|Any CPU
		{9D4590FB-6029-4695-9AD2-7909F2C0CF54}.Release|Any CPU.Build.0 = Release|Any CPU
		{9989CEA6-D69C-4494-B285-8D15E5CFFA1E}.Debug|Any CPU.ActiveCfg = Debug|Any CPU
		{9989CEA6-D69C-4494-B285-8D15E5CFFA1E}.Debug|Any CPU.Build.0 = Debug|Any CPU
		{9989CEA6-D69C-4494-B285-8D15E5CFFA1E}.Release|Any CPU.ActiveCfg = Release|Any CPU
		{9989CEA6-D69C-4494-B285-8D15E5CFFA1E}.Release|Any CPU.Build.0 = Release|Any CPU
		{72C59707-E42A-4D60-B610-47482D7BA517}.Debug|Any CPU.ActiveCfg = Debug|Any CPU
		{72C59707-E42A-4D60-B610-47482D7BA517}.Debug|Any CPU.Build.0 = Debug|Any CPU
		{72C59707-E42A-4D60-B610-47482D7BA517}.Release|Any CPU.ActiveCfg = Release|Any CPU
		{72C59707-E42A-4D60-B610-47482D7BA517}.Release|Any CPU.Build.0 = Release|Any CPU
		{849B4880-D511-427B-9504-F39A30841483}.Debug|Any CPU.ActiveCfg = Debug|Any CPU
		{849B4880-D511-427B-9504-F39A30841483}.Debug|Any CPU.Build.0 = Debug|Any CPU
		{849B4880-D511-427B-9504-F39A30841483}.Release|Any CPU.ActiveCfg = Release|Any CPU
		{849B4880-D511-427B-9504-F39A30841483}.Release|Any CPU.Build.0 = Release|Any CPU
		{9B8E88EA-7720-4279-B405-770B7DCE3E77}.Debug|Any CPU.ActiveCfg = Debug|Any CPU
		{9B8E88EA-7720-4279-B405-770B7DCE3E77}.Debug|Any CPU.Build.0 = Debug|Any CPU
		{9B8E88EA-7720-4279-B405-770B7DCE3E77}.Release|Any CPU.ActiveCfg = Release|Any CPU
		{9B8E88EA-7720-4279-B405-770B7DCE3E77}.Release|Any CPU.Build.0 = Release|Any CPU
		{E7CDD3ED-B0EA-4785-BF75-AD5E98BCA65C}.Debug|Any CPU.ActiveCfg = Debug|Any CPU
		{E7CDD3ED-B0EA-4785-BF75-AD5E98BCA65C}.Debug|Any CPU.Build.0 = Debug|Any CPU
		{E7CDD3ED-B0EA-4785-BF75-AD5E98BCA65C}.Release|Any CPU.ActiveCfg = Release|Any CPU
		{E7CDD3ED-B0EA-4785-BF75-AD5E98BCA65C}.Release|Any CPU.Build.0 = Release|Any CPU
		{6E115EA4-53E3-4D59-97ED-D90A4E5A36C3}.Debug|Any CPU.ActiveCfg = Debug|Any CPU
		{6E115EA4-53E3-4D59-97ED-D90A4E5A36C3}.Debug|Any CPU.Build.0 = Debug|Any CPU
		{6E115EA4-53E3-4D59-97ED-D90A4E5A36C3}.Release|Any CPU.ActiveCfg = Release|Any CPU
		{6E115EA4-53E3-4D59-97ED-D90A4E5A36C3}.Release|Any CPU.Build.0 = Release|Any CPU
		{E68D0968-B8BA-462C-85E5-DAC740691800}.Debug|Any CPU.ActiveCfg = Debug|Any CPU
		{E68D0968-B8BA-462C-85E5-DAC740691800}.Debug|Any CPU.Build.0 = Debug|Any CPU
		{E68D0968-B8BA-462C-85E5-DAC740691800}.Release|Any CPU.ActiveCfg = Release|Any CPU
		{E68D0968-B8BA-462C-85E5-DAC740691800}.Release|Any CPU.Build.0 = Release|Any CPU
		{47E5AFEE-B854-41D4-B739-C44D4D55216C}.Debug|Any CPU.ActiveCfg = Debug|Any CPU
		{47E5AFEE-B854-41D4-B739-C44D4D55216C}.Debug|Any CPU.Build.0 = Debug|Any CPU
		{47E5AFEE-B854-41D4-B739-C44D4D55216C}.Release|Any CPU.ActiveCfg = Release|Any CPU
		{47E5AFEE-B854-41D4-B739-C44D4D55216C}.Release|Any CPU.Build.0 = Release|Any CPU
	EndGlobalSection
	GlobalSection(SolutionProperties) = preSolution
		HideSolutionNode = FALSE
	EndGlobalSection
	GlobalSection(NestedProjects) = preSolution
		{5328DEA3-ADF5-44AE-BD2B-286FF9292E1F} = {2A77FFE5-718F-4D40-9332-779C89647C17}
		{AFFFF534-339D-4AEF-9D5B-11EE502974D7} = {2A77FFE5-718F-4D40-9332-779C89647C17}
		{15310925-8578-4866-B8F4-8799E884090A} = {2A77FFE5-718F-4D40-9332-779C89647C17}
		{77AC8504-7E3A-4FF2-AA66-C86D9FB4C157} = {B1D16E6F-42AA-43FF-A167-0A8169D86332}
		{9BFBF401-C56D-47DA-A6AE-2AC7C41D03B0} = {2A77FFE5-718F-4D40-9332-779C89647C17}
		{BA6C25B8-05E2-40EB-A9CB-455531B94900} = {2A77FFE5-718F-4D40-9332-779C89647C17}
		{6E63D023-AD04-485E-828E-72485728A33B} = {B1D16E6F-42AA-43FF-A167-0A8169D86332}
		{568045B6-6DF6-45CD-B307-17183910E25D} = {2A77FFE5-718F-4D40-9332-779C89647C17}
		{94700980-A1B8-4E20-ADF1-BB1A29A0BB39} = {B1D16E6F-42AA-43FF-A167-0A8169D86332}
		{49F456DD-E4DE-4452-8B7A-ED54D4968403} = {2A77FFE5-718F-4D40-9332-779C89647C17}
		{CC6D7A66-A9F0-4705-B811-36154F5467DA} = {2A77FFE5-718F-4D40-9332-779C89647C17}
		{8CCD31B7-26A5-4C60-98B9-43A534DE4477} = {2A77FFE5-718F-4D40-9332-779C89647C17}
		{07E6026B-B2EB-408E-B6EC-B117FF8D272B} = {2A77FFE5-718F-4D40-9332-779C89647C17}
		{D8F8961F-4610-44E7-8E98-A962D8F9697E} = {2A77FFE5-718F-4D40-9332-779C89647C17}
		{813B86CA-CD87-4A43-9DCD-424409579654} = {2A77FFE5-718F-4D40-9332-779C89647C17}
		{C8482456-9625-4505-87EC-4840828103DD} = {2A77FFE5-718F-4D40-9332-779C89647C17}
		{6299AA37-3E08-4CE5-8F80-E410AA14F3A6} = {B1D16E6F-42AA-43FF-A167-0A8169D86332}
		{E67FD318-DFB4-4EA0-BDE5-D75BE1B98A55} = {2A77FFE5-718F-4D40-9332-779C89647C17}
		{0A595C2F-D521-498E-8CBC-55CDD1A4B5B1} = {B1D16E6F-42AA-43FF-A167-0A8169D86332}
		{01FF41F3-2E34-47F9-ACA8-E5B897829B46} = {B1D16E6F-42AA-43FF-A167-0A8169D86332}
		{272E81AC-05CC-49F4-96C6-0BAE233D403B} = {2A77FFE5-718F-4D40-9332-779C89647C17}
		{4E885397-AE22-4340-BD44-CB2F501A708A} = {2A77FFE5-718F-4D40-9332-779C89647C17}
		{D3F561DC-40A9-42CB-B483-16DDD5CDDF9C} = {B1D16E6F-42AA-43FF-A167-0A8169D86332}
		{EBBB9D43-6B16-4041-8075-1C952B82F88E} = {2A77FFE5-718F-4D40-9332-779C89647C17}
		{F9BDFED7-CFB8-4023-BADF-A312F942BB6F} = {2A77FFE5-718F-4D40-9332-779C89647C17}
		{989DF826-3A66-4E0B-BE60-BFAF6621A2EE} = {B1D16E6F-42AA-43FF-A167-0A8169D86332}
		{CC767E0E-5223-40AE-B94B-820B6B0583CB} = {2A77FFE5-718F-4D40-9332-779C89647C17}
		{A4F8B893-27CE-46F2-B8F5-7B4217403B44} = {2A77FFE5-718F-4D40-9332-779C89647C17}
		{BAB91B05-F647-47CB-A26D-7BD280573A65} = {2A77FFE5-718F-4D40-9332-779C89647C17}
		{128A36C9-EC8E-466C-8B2D-A5CBEEBCB8EE} = {B1D16E6F-42AA-43FF-A167-0A8169D86332}
		{807CD435-5B40-4C7E-A5A1-196B6DC842BF} = {2A77FFE5-718F-4D40-9332-779C89647C17}
		{A1AAA75A-F355-4632-A8CD-FC11AF59DEF4} = {B1D16E6F-42AA-43FF-A167-0A8169D86332}
		{4EF32FD5-A46A-4CBF-98CE-3ACBD313BB6C} = {2A77FFE5-718F-4D40-9332-779C89647C17}
		{B1D16E6F-42AA-43FF-A167-0A8169D86332} = {2E5D48DB-BCC4-4ABC-8AE0-26DD244E98CD}
		{2DF38724-2B06-4781-BE84-10C096CAC3E0} = {F62DD863-7C3A-4DFF-8CA0-D73306D037D7}
		{8A9B6129-069A-43B5-BD8E-0627F52F4F53} = {2E5D48DB-BCC4-4ABC-8AE0-26DD244E98CD}
		{007AFE52-A8CA-43ED-AD64-4220D2FD707D} = {8A9B6129-069A-43B5-BD8E-0627F52F4F53}
		{F1EB90E4-FBB0-4C44-BA9F-13B14137EE5C} = {F62DD863-7C3A-4DFF-8CA0-D73306D037D7}
		{02080544-9DCF-440D-9FCF-1303BEDD1584} = {F62DD863-7C3A-4DFF-8CA0-D73306D037D7}
		{43B67E3C-1C92-4A65-8025-1CA4C0E274C8} = {F62DD863-7C3A-4DFF-8CA0-D73306D037D7}
		{6254E285-8895-45E9-89E2-99CA6F0F0C4C} = {F62DD863-7C3A-4DFF-8CA0-D73306D037D7}
		{A3F45D06-7A0B-4857-BF36-1BFF4A5C9BCB} = {7BED556B-5A2D-4A95-8A56-F9531996A7D7}
		{D923CAC4-31BC-4775-A860-53CC7CADFEA0} = {40666596-F0D7-4573-9D49-8CD023EA1E8B}
		{966E5049-4040-4B31-BBC3-F17C396AEDB9} = {7BED556B-5A2D-4A95-8A56-F9531996A7D7}
		{EFB486BB-4412-4535-B3CC-005B4B9AB850} = {40666596-F0D7-4573-9D49-8CD023EA1E8B}
		{926390BE-C181-4797-B741-1CB3C50FE49F} = {7BED556B-5A2D-4A95-8A56-F9531996A7D7}
		{83082F3F-E7B9-4DA9-8330-71839844CDD3} = {7BED556B-5A2D-4A95-8A56-F9531996A7D7}
		{4D1948AA-6A4E-4165-97EB-BFEB88F050E6} = {7BED556B-5A2D-4A95-8A56-F9531996A7D7}
		{336DEADA-0F4B-4653-A4B0-0EEB17EBB308} = {40666596-F0D7-4573-9D49-8CD023EA1E8B}
		{A6BD24BB-A455-45E4-945F-F89DA6674790} = {7BED556B-5A2D-4A95-8A56-F9531996A7D7}
		{0C1764CE-63F0-4913-92B6-7B8617428F11} = {7BED556B-5A2D-4A95-8A56-F9531996A7D7}
		{DEA6561C-8B6A-415F-A458-35E515703FF8} = {7BED556B-5A2D-4A95-8A56-F9531996A7D7}
		{4108B179-9564-4997-BE74-4CC8A9B65587} = {DCC09AF0-3BFE-4FBD-9D3B-BC916EB8BE9B}
		{9E11CB82-ADA6-4BD2-AA57-2C578A59FF4A} = {DCC09AF0-3BFE-4FBD-9D3B-BC916EB8BE9B}
		{60D029F0-FB09-4C7A-9FD0-A7985DA8EC40} = {0739124E-9CE0-41D4-884B-AEE5D63EB6C1}
		{91F4B9FD-A1DC-4F92-9A8A-91B818CFF49A} = {0739124E-9CE0-41D4-884B-AEE5D63EB6C1}
		{D8D12D9B-92C4-4A46-9673-D1A386E5BA55} = {7BED556B-5A2D-4A95-8A56-F9531996A7D7}
		{148A2114-ADAC-421B-B5EE-0A887673339F} = {7BED556B-5A2D-4A95-8A56-F9531996A7D7}
		{BDA6C48A-35B9-45D3-A46A-77922CD409EC} = {9EB143B0-1559-48DA-AC9A-64FC487A5750}
		{F3D20841-89C2-44EB-B21F-BE0E92180304} = {9EB143B0-1559-48DA-AC9A-64FC487A5750}
		{DCB907A9-4036-4CAF-8234-0CFB20859FF9} = {9EB143B0-1559-48DA-AC9A-64FC487A5750}
		{9D4590FB-6029-4695-9AD2-7909F2C0CF54} = {08EA6721-AF00-4615-94CE-505897956257}
		{9989CEA6-D69C-4494-B285-8D15E5CFFA1E} = {08EA6721-AF00-4615-94CE-505897956257}
		{72C59707-E42A-4D60-B610-47482D7BA517} = {08EA6721-AF00-4615-94CE-505897956257}
		{849B4880-D511-427B-9504-F39A30841483} = {08EA6721-AF00-4615-94CE-505897956257}
		{9B8E88EA-7720-4279-B405-770B7DCE3E77} = {08EA6721-AF00-4615-94CE-505897956257}
	EndGlobalSection
	GlobalSection(ExtensibilityGlobals) = postSolution
		SolutionGuid = {0CD8C03C-B582-43B4-A685-C9EFAAF0279C}
	EndGlobalSection
EndGlobal
